// !$*UTF8*$!
{
	archiveVersion = 1;
	classes = {
	};
	objectVersion = 55;
	objects = {

/* Begin PBXBuildFile section */
		920C1B712987D8BE00311990 /* WisecryptoApp.swift in Sources */ = {isa = PBXBuildFile; fileRef = 920C1B702987D8BE00311990 /* WisecryptoApp.swift */; };
		920C1B752987D8BF00311990 /* Assets.xcassets in Resources */ = {isa = PBXBuildFile; fileRef = 920C1B742987D8BF00311990 /* Assets.xcassets */; };
		920C1B782987D8BF00311990 /* Preview Assets.xcassets in Resources */ = {isa = PBXBuildFile; fileRef = 920C1B772987D8BF00311990 /* Preview Assets.xcassets */; };
		920C1B862987DC2900311990 /* Colors.swift in Sources */ = {isa = PBXBuildFile; fileRef = 920C1B852987DC2900311990 /* Colors.swift */; };
		920C1B882987E21D00311990 /* SplashView.swift in Sources */ = {isa = PBXBuildFile; fileRef = 920C1B872987E21D00311990 /* SplashView.swift */; };
		920C1B8B2987E41000311990 /* CoinModel.swift in Sources */ = {isa = PBXBuildFile; fileRef = 920C1B8A2987E41000311990 /* CoinModel.swift */; };
		920C1B8F2987EC7000311990 /* HomeView.swift in Sources */ = {isa = PBXBuildFile; fileRef = 920C1B8E2987EC7000311990 /* HomeView.swift */; };
		920C1B922987EF7000311990 /* CoinCell.swift in Sources */ = {isa = PBXBuildFile; fileRef = 920C1B912987EF7000311990 /* CoinCell.swift */; };
		920C1B942988057C00311990 /* Coin.json in Resources */ = {isa = PBXBuildFile; fileRef = 920C1B932988057C00311990 /* Coin.json */; };
		920C1B96298813C400311990 /* CoinsViewModel.swift in Sources */ = {isa = PBXBuildFile; fileRef = 920C1B95298813C400311990 /* CoinsViewModel.swift */; };
		920C1B992988147900311990 /* CoinService.swift in Sources */ = {isa = PBXBuildFile; fileRef = 920C1B982988147900311990 /* CoinService.swift */; };
		921471D1299668EE00072D97 /* Date.swift in Sources */ = {isa = PBXBuildFile; fileRef = 921471D0299668EE00072D97 /* Date.swift */; };
		9217475C298E64B50066301F /* NavigationLazyView.swift in Sources */ = {isa = PBXBuildFile; fileRef = 9217475B298E64B50066301F /* NavigationLazyView.swift */; };
		92174760298EA60C0066301F /* MarketView.swift in Sources */ = {isa = PBXBuildFile; fileRef = 9217475F298EA60C0066301F /* MarketView.swift */; };
		922180FA2992B7D3006EF9BE /* SearchBarView.swift in Sources */ = {isa = PBXBuildFile; fileRef = 922180F92992B7D3006EF9BE /* SearchBarView.swift */; };
		922180FC2992BE83006EF9BE /* UIAplication.swift in Sources */ = {isa = PBXBuildFile; fileRef = 922180FB2992BE83006EF9BE /* UIAplication.swift */; };
		9223C7B029954F16002288F5 /* ChartView.swift in Sources */ = {isa = PBXBuildFile; fileRef = 9223C7AF29954F16002288F5 /* ChartView.swift */; };
		923D58C629892A88008BFD8C /* MyCoinsCell.swift in Sources */ = {isa = PBXBuildFile; fileRef = 923D58C529892A88008BFD8C /* MyCoinsCell.swift */; };
		92671FAE299CE43A004ACA87 /* AddBalanceView.swift in Sources */ = {isa = PBXBuildFile; fileRef = 92671FAD299CE43A004ACA87 /* AddBalanceView.swift */; };
		92873D1C2994218300114EBB /* CoinDetailView.swift in Sources */ = {isa = PBXBuildFile; fileRef = 92873D1B2994218300114EBB /* CoinDetailView.swift */; };
		929A158C299B9C95001FFD23 /* AddCoinsView.swift in Sources */ = {isa = PBXBuildFile; fileRef = 929A158B299B9C95001FFD23 /* AddCoinsView.swift */; };
		92C76322299244DA00F5161C /* LoginView.swift in Sources */ = {isa = PBXBuildFile; fileRef = 92C76321299244DA00F5161C /* LoginView.swift */; };
		92C763242992565D00F5161C /* RegisterView.swift in Sources */ = {isa = PBXBuildFile; fileRef = 92C763232992565D00F5161C /* RegisterView.swift */; };
		92C763272992648300F5161C /* ViewModifiers.swift in Sources */ = {isa = PBXBuildFile; fileRef = 92C763262992648300F5161C /* ViewModifiers.swift */; };
		92C763292992905600F5161C /* AuthView.swift in Sources */ = {isa = PBXBuildFile; fileRef = 92C763282992905600F5161C /* AuthView.swift */; };
		92C7632C29929A5B00F5161C /* String.swift in Sources */ = {isa = PBXBuildFile; fileRef = 92C7632B29929A5B00F5161C /* String.swift */; };
		92C8793B298BB860000A4AB8 /* MainView.swift in Sources */ = {isa = PBXBuildFile; fileRef = 92C8793A298BB860000A4AB8 /* MainView.swift */; };
		92C8793D298BD389000A4AB8 /* ProfileView.swift in Sources */ = {isa = PBXBuildFile; fileRef = 92C8793C298BD389000A4AB8 /* ProfileView.swift */; };
		92C8793F298BD493000A4AB8 /* ProfileCell.swift in Sources */ = {isa = PBXBuildFile; fileRef = 92C8793E298BD493000A4AB8 /* ProfileCell.swift */; };
		92C87941298BF5FE000A4AB8 /* PrivacyView.swift in Sources */ = {isa = PBXBuildFile; fileRef = 92C87940298BF5FE000A4AB8 /* PrivacyView.swift */; };
		92C87943298BF634000A4AB8 /* ProfileNotificationsView.swift in Sources */ = {isa = PBXBuildFile; fileRef = 92C87942298BF634000A4AB8 /* ProfileNotificationsView.swift */; };
		92C87945298BFFE9000A4AB8 /* PaymentView.swift in Sources */ = {isa = PBXBuildFile; fileRef = 92C87944298BFFE9000A4AB8 /* PaymentView.swift */; };
		92C87947298C0010000A4AB8 /* TransactionsListView.swift in Sources */ = {isa = PBXBuildFile; fileRef = 92C87946298C0010000A4AB8 /* TransactionsListView.swift */; };
		92CFA072299A5029002D939A /* DataManager.swift in Sources */ = {isa = PBXBuildFile; fileRef = 92CFA071299A5029002D939A /* DataManager.swift */; };
		92CFA075299A5056002D939A /* CoreDataModel.xcdatamodeld in Sources */ = {isa = PBXBuildFile; fileRef = 92CFA073299A5056002D939A /* CoreDataModel.xcdatamodeld */; };
		92CFA077299A53F7002D939A /* PortfolioViewModel.swift in Sources */ = {isa = PBXBuildFile; fileRef = 92CFA076299A53F7002D939A /* PortfolioViewModel.swift */; };
		92DE364C29A69BDF00352C9A /* AnimationView.swift in Sources */ = {isa = PBXBuildFile; fileRef = 92DE364B29A69BDF00352C9A /* AnimationView.swift */; };
/* End PBXBuildFile section */

/* Begin PBXFileReference section */
		920C1B6D2987D8BE00311990 /* Wisecrypto.app */ = {isa = PBXFileReference; explicitFileType = wrapper.application; includeInIndex = 0; path = Wisecrypto.app; sourceTree = BUILT_PRODUCTS_DIR; };
		920C1B702987D8BE00311990 /* WisecryptoApp.swift */ = {isa = PBXFileReference; lastKnownFileType = sourcecode.swift; path = WisecryptoApp.swift; sourceTree = "<group>"; };
		920C1B742987D8BF00311990 /* Assets.xcassets */ = {isa = PBXFileReference; lastKnownFileType = folder.assetcatalog; path = Assets.xcassets; sourceTree = "<group>"; };
		920C1B772987D8BF00311990 /* Preview Assets.xcassets */ = {isa = PBXFileReference; lastKnownFileType = folder.assetcatalog; path = "Preview Assets.xcassets"; sourceTree = "<group>"; };
		920C1B852987DC2900311990 /* Colors.swift */ = {isa = PBXFileReference; lastKnownFileType = sourcecode.swift; path = Colors.swift; sourceTree = "<group>"; };
		920C1B872987E21D00311990 /* SplashView.swift */ = {isa = PBXFileReference; lastKnownFileType = sourcecode.swift; path = SplashView.swift; sourceTree = "<group>"; };
		920C1B8A2987E41000311990 /* CoinModel.swift */ = {isa = PBXFileReference; lastKnownFileType = sourcecode.swift; path = CoinModel.swift; sourceTree = "<group>"; };
		920C1B8E2987EC7000311990 /* HomeView.swift */ = {isa = PBXFileReference; lastKnownFileType = sourcecode.swift; path = HomeView.swift; sourceTree = "<group>"; };
		920C1B912987EF7000311990 /* CoinCell.swift */ = {isa = PBXFileReference; lastKnownFileType = sourcecode.swift; path = CoinCell.swift; sourceTree = "<group>"; };
		920C1B932988057C00311990 /* Coin.json */ = {isa = PBXFileReference; lastKnownFileType = text.json; path = Coin.json; sourceTree = "<group>"; };
		920C1B95298813C400311990 /* CoinsViewModel.swift */ = {isa = PBXFileReference; lastKnownFileType = sourcecode.swift; path = CoinsViewModel.swift; sourceTree = "<group>"; };
		920C1B982988147900311990 /* CoinService.swift */ = {isa = PBXFileReference; lastKnownFileType = sourcecode.swift; path = CoinService.swift; sourceTree = "<group>"; };
		921471D0299668EE00072D97 /* Date.swift */ = {isa = PBXFileReference; lastKnownFileType = sourcecode.swift; path = Date.swift; sourceTree = "<group>"; };
		9217475B298E64B50066301F /* NavigationLazyView.swift */ = {isa = PBXFileReference; lastKnownFileType = sourcecode.swift; path = NavigationLazyView.swift; sourceTree = "<group>"; };
		9217475F298EA60C0066301F /* MarketView.swift */ = {isa = PBXFileReference; lastKnownFileType = sourcecode.swift; path = MarketView.swift; sourceTree = "<group>"; };
		922180F92992B7D3006EF9BE /* SearchBarView.swift */ = {isa = PBXFileReference; lastKnownFileType = sourcecode.swift; path = SearchBarView.swift; sourceTree = "<group>"; };
		922180FB2992BE83006EF9BE /* UIAplication.swift */ = {isa = PBXFileReference; lastKnownFileType = sourcecode.swift; path = UIAplication.swift; sourceTree = "<group>"; };
		9223C7AF29954F16002288F5 /* ChartView.swift */ = {isa = PBXFileReference; lastKnownFileType = sourcecode.swift; path = ChartView.swift; sourceTree = "<group>"; };
		923D58C529892A88008BFD8C /* MyCoinsCell.swift */ = {isa = PBXFileReference; lastKnownFileType = sourcecode.swift; path = MyCoinsCell.swift; sourceTree = "<group>"; };
		92671FAD299CE43A004ACA87 /* AddBalanceView.swift */ = {isa = PBXFileReference; lastKnownFileType = sourcecode.swift; path = AddBalanceView.swift; sourceTree = "<group>"; };
		92873D1B2994218300114EBB /* CoinDetailView.swift */ = {isa = PBXFileReference; lastKnownFileType = sourcecode.swift; path = CoinDetailView.swift; sourceTree = "<group>"; };
		929A158B299B9C95001FFD23 /* AddCoinsView.swift */ = {isa = PBXFileReference; lastKnownFileType = sourcecode.swift; path = AddCoinsView.swift; sourceTree = "<group>"; };
		92C76321299244DA00F5161C /* LoginView.swift */ = {isa = PBXFileReference; lastKnownFileType = sourcecode.swift; path = LoginView.swift; sourceTree = "<group>"; };
		92C763232992565D00F5161C /* RegisterView.swift */ = {isa = PBXFileReference; lastKnownFileType = sourcecode.swift; path = RegisterView.swift; sourceTree = "<group>"; };
		92C763262992648300F5161C /* ViewModifiers.swift */ = {isa = PBXFileReference; lastKnownFileType = sourcecode.swift; path = ViewModifiers.swift; sourceTree = "<group>"; };
		92C763282992905600F5161C /* AuthView.swift */ = {isa = PBXFileReference; lastKnownFileType = sourcecode.swift; path = AuthView.swift; sourceTree = "<group>"; };
		92C7632B29929A5B00F5161C /* String.swift */ = {isa = PBXFileReference; lastKnownFileType = sourcecode.swift; path = String.swift; sourceTree = "<group>"; };
		92C8793A298BB860000A4AB8 /* MainView.swift */ = {isa = PBXFileReference; lastKnownFileType = sourcecode.swift; path = MainView.swift; sourceTree = "<group>"; };
		92C8793C298BD389000A4AB8 /* ProfileView.swift */ = {isa = PBXFileReference; lastKnownFileType = sourcecode.swift; path = ProfileView.swift; sourceTree = "<group>"; };
		92C8793E298BD493000A4AB8 /* ProfileCell.swift */ = {isa = PBXFileReference; lastKnownFileType = sourcecode.swift; path = ProfileCell.swift; sourceTree = "<group>"; };
		92C87940298BF5FE000A4AB8 /* PrivacyView.swift */ = {isa = PBXFileReference; lastKnownFileType = sourcecode.swift; path = PrivacyView.swift; sourceTree = "<group>"; };
		92C87942298BF634000A4AB8 /* ProfileNotificationsView.swift */ = {isa = PBXFileReference; lastKnownFileType = sourcecode.swift; path = ProfileNotificationsView.swift; sourceTree = "<group>"; };
		92C87944298BFFE9000A4AB8 /* PaymentView.swift */ = {isa = PBXFileReference; lastKnownFileType = sourcecode.swift; path = PaymentView.swift; sourceTree = "<group>"; };
		92C87946298C0010000A4AB8 /* TransactionsListView.swift */ = {isa = PBXFileReference; lastKnownFileType = sourcecode.swift; path = TransactionsListView.swift; sourceTree = "<group>"; };
		92CFA071299A5029002D939A /* DataManager.swift */ = {isa = PBXFileReference; lastKnownFileType = sourcecode.swift; path = DataManager.swift; sourceTree = "<group>"; };
		92CFA074299A5056002D939A /* CoreDataModel.xcdatamodel */ = {isa = PBXFileReference; lastKnownFileType = wrapper.xcdatamodel; path = CoreDataModel.xcdatamodel; sourceTree = "<group>"; };
		92CFA076299A53F7002D939A /* PortfolioViewModel.swift */ = {isa = PBXFileReference; lastKnownFileType = sourcecode.swift; path = PortfolioViewModel.swift; sourceTree = "<group>"; };
		92DE364B29A69BDF00352C9A /* AnimationView.swift */ = {isa = PBXFileReference; lastKnownFileType = sourcecode.swift; path = AnimationView.swift; sourceTree = "<group>"; };
/* End PBXFileReference section */

/* Begin PBXFrameworksBuildPhase section */
		920C1B6A2987D8BE00311990 /* Frameworks */ = {
			isa = PBXFrameworksBuildPhase;
			buildActionMask = 2147483647;
			files = (
			);
			runOnlyForDeploymentPostprocessing = 0;
		};
/* End PBXFrameworksBuildPhase section */

/* Begin PBXGroup section */
		920C1B642987D8BE00311990 = {
			isa = PBXGroup;
			children = (
				920C1B6F2987D8BE00311990 /* Wisecrypto */,
				920C1B6E2987D8BE00311990 /* Products */,
			);
			sourceTree = "<group>";
		};
		920C1B6E2987D8BE00311990 /* Products */ = {
			isa = PBXGroup;
			children = (
				920C1B6D2987D8BE00311990 /* Wisecrypto.app */,
			);
			name = Products;
			sourceTree = "<group>";
		};
		920C1B6F2987D8BE00311990 /* Wisecrypto */ = {
			isa = PBXGroup;
			children = (
				920C1B702987D8BE00311990 /* WisecryptoApp.swift */,
				92CFA070299A500B002D939A /* Managers */,
				92873D1A2994215700114EBB /* CoinDetail */,
				92C7632A29929A3700F5161C /* Extensions */,
				920C1B972988146900311990 /* Service */,
				920C1B902987EF6400311990 /* Cell */,
				920C1B812987DB5900311990 /* Splash */,
				920C1B822987DB6900311990 /* Login */,
				920C1B8D2987E46800311990 /* Main */,
				920C1B7E2987DB1400311990 /* Home */,
				920C1B7F2987DB2400311990 /* Market */,
				920C1B802987DB3700311990 /* Profile */,
				920C1B892987E3FA00311990 /* Model */,
				920C1B8C2987E44D00311990 /* ViewModel */,
				920C1B842987DC1900311990 /* Helpers */,
				92C763252992642E00F5161C /* ViewModifiers */,
				920C1B742987D8BF00311990 /* Assets.xcassets */,
				920C1B762987D8BF00311990 /* Preview Content */,
			);
			path = Wisecrypto;
			sourceTree = "<group>";
		};
		920C1B762987D8BF00311990 /* Preview Content */ = {
			isa = PBXGroup;
			children = (
				920C1B772987D8BF00311990 /* Preview Assets.xcassets */,
			);
			path = "Preview Content";
			sourceTree = "<group>";
		};
		920C1B7E2987DB1400311990 /* Home */ = {
			isa = PBXGroup;
			children = (
				920C1B8E2987EC7000311990 /* HomeView.swift */,
			);
			path = Home;
			sourceTree = "<group>";
		};
		920C1B7F2987DB2400311990 /* Market */ = {
			isa = PBXGroup;
			children = (
				9217475F298EA60C0066301F /* MarketView.swift */,
				922180F92992B7D3006EF9BE /* SearchBarView.swift */,
			);
			path = Market;
			sourceTree = "<group>";
		};
		920C1B802987DB3700311990 /* Profile */ = {
			isa = PBXGroup;
			children = (
				92C8793C298BD389000A4AB8 /* ProfileView.swift */,
				92C87940298BF5FE000A4AB8 /* PrivacyView.swift */,
				92C87942298BF634000A4AB8 /* ProfileNotificationsView.swift */,
				92C87944298BFFE9000A4AB8 /* PaymentView.swift */,
				92C87946298C0010000A4AB8 /* TransactionsListView.swift */,
				92671FAD299CE43A004ACA87 /* AddBalanceView.swift */,
			);
			path = Profile;
			sourceTree = "<group>";
		};
		920C1B812987DB5900311990 /* Splash */ = {
			isa = PBXGroup;
			children = (
				920C1B872987E21D00311990 /* SplashView.swift */,
			);
			path = Splash;
			sourceTree = "<group>";
		};
		920C1B822987DB6900311990 /* Login */ = {
			isa = PBXGroup;
			children = (
				92C76321299244DA00F5161C /* LoginView.swift */,
				92C763232992565D00F5161C /* RegisterView.swift */,
				92C763282992905600F5161C /* AuthView.swift */,
			);
			path = Login;
			sourceTree = "<group>";
		};
		920C1B842987DC1900311990 /* Helpers */ = {
			isa = PBXGroup;
			children = (
				920C1B852987DC2900311990 /* Colors.swift */,
				9217475B298E64B50066301F /* NavigationLazyView.swift */,
			);
			path = Helpers;
			sourceTree = "<group>";
		};
		920C1B892987E3FA00311990 /* Model */ = {
			isa = PBXGroup;
			children = (
				920C1B8A2987E41000311990 /* CoinModel.swift */,
				920C1B932988057C00311990 /* Coin.json */,
			);
			path = Model;
			sourceTree = "<group>";
		};
		920C1B8C2987E44D00311990 /* ViewModel */ = {
			isa = PBXGroup;
			children = (
				920C1B95298813C400311990 /* CoinsViewModel.swift */,
				92CFA076299A53F7002D939A /* PortfolioViewModel.swift */,
			);
			path = ViewModel;
			sourceTree = "<group>";
		};
		920C1B8D2987E46800311990 /* Main */ = {
			isa = PBXGroup;
			children = (
				92C8793A298BB860000A4AB8 /* MainView.swift */,
			);
			path = Main;
			sourceTree = "<group>";
		};
		920C1B902987EF6400311990 /* Cell */ = {
			isa = PBXGroup;
			children = (
				920C1B912987EF7000311990 /* CoinCell.swift */,
				923D58C529892A88008BFD8C /* MyCoinsCell.swift */,
				92C8793E298BD493000A4AB8 /* ProfileCell.swift */,
			);
			path = Cell;
			sourceTree = "<group>";
		};
		920C1B972988146900311990 /* Service */ = {
			isa = PBXGroup;
			children = (
				920C1B982988147900311990 /* CoinService.swift */,
			);
			path = Service;
			sourceTree = "<group>";
		};
		92873D1A2994215700114EBB /* CoinDetail */ = {
			isa = PBXGroup;
			children = (
				92873D1B2994218300114EBB /* CoinDetailView.swift */,
				9223C7AF29954F16002288F5 /* ChartView.swift */,
				929A158B299B9C95001FFD23 /* AddCoinsView.swift */,
				92DE364B29A69BDF00352C9A /* AnimationView.swift */,
			);
			path = CoinDetail;
			sourceTree = "<group>";
		};
		92C763252992642E00F5161C /* ViewModifiers */ = {
			isa = PBXGroup;
			children = (
				92C763262992648300F5161C /* ViewModifiers.swift */,
			);
			path = ViewModifiers;
			sourceTree = "<group>";
		};
		92C7632A29929A3700F5161C /* Extensions */ = {
			isa = PBXGroup;
			children = (
				92C7632B29929A5B00F5161C /* String.swift */,
				922180FB2992BE83006EF9BE /* UIAplication.swift */,
				921471D0299668EE00072D97 /* Date.swift */,
			);
			path = Extensions;
			sourceTree = "<group>";
		};
		92CFA070299A500B002D939A /* Managers */ = {
			isa = PBXGroup;
			children = (
				92CFA071299A5029002D939A /* DataManager.swift */,
				92CFA073299A5056002D939A /* CoreDataModel.xcdatamodeld */,
			);
			path = Managers;
			sourceTree = "<group>";
		};
/* End PBXGroup section */

/* Begin PBXNativeTarget section */
		920C1B6C2987D8BE00311990 /* Wisecrypto */ = {
			isa = PBXNativeTarget;
			buildConfigurationList = 920C1B7B2987D8BF00311990 /* Build configuration list for PBXNativeTarget "Wisecrypto" */;
			buildPhases = (
				920C1B692987D8BE00311990 /* Sources */,
				920C1B6A2987D8BE00311990 /* Frameworks */,
				920C1B6B2987D8BE00311990 /* Resources */,
			);
			buildRules = (
			);
			dependencies = (
			);
			name = Wisecrypto;
			productName = Wisecrypto;
			productReference = 920C1B6D2987D8BE00311990 /* Wisecrypto.app */;
			productType = "com.apple.product-type.application";
		};
/* End PBXNativeTarget section */

/* Begin PBXProject section */
		920C1B652987D8BE00311990 /* Project object */ = {
			isa = PBXProject;
			attributes = {
				BuildIndependentTargetsInParallel = 1;
				LastSwiftUpdateCheck = 1320;
				LastUpgradeCheck = 1320;
				TargetAttributes = {
					920C1B6C2987D8BE00311990 = {
						CreatedOnToolsVersion = 13.2.1;
					};
				};
			};
			buildConfigurationList = 920C1B682987D8BE00311990 /* Build configuration list for PBXProject "Wisecrypto" */;
			compatibilityVersion = "Xcode 13.0";
			developmentRegion = en;
			hasScannedForEncodings = 0;
			knownRegions = (
				en,
				Base,
			);
			mainGroup = 920C1B642987D8BE00311990;
			productRefGroup = 920C1B6E2987D8BE00311990 /* Products */;
			projectDirPath = "";
			projectRoot = "";
			targets = (
				920C1B6C2987D8BE00311990 /* Wisecrypto */,
			);
		};
/* End PBXProject section */

/* Begin PBXResourcesBuildPhase section */
		920C1B6B2987D8BE00311990 /* Resources */ = {
			isa = PBXResourcesBuildPhase;
			buildActionMask = 2147483647;
			files = (
				920C1B782987D8BF00311990 /* Preview Assets.xcassets in Resources */,
				920C1B942988057C00311990 /* Coin.json in Resources */,
				920C1B752987D8BF00311990 /* Assets.xcassets in Resources */,
			);
			runOnlyForDeploymentPostprocessing = 0;
		};
/* End PBXResourcesBuildPhase section */

/* Begin PBXSourcesBuildPhase section */
		920C1B692987D8BE00311990 /* Sources */ = {
			isa = PBXSourcesBuildPhase;
			buildActionMask = 2147483647;
			files = (
				92C87943298BF634000A4AB8 /* ProfileNotificationsView.swift in Sources */,
				92CFA072299A5029002D939A /* DataManager.swift in Sources */,
				92C8793F298BD493000A4AB8 /* ProfileCell.swift in Sources */,
				920C1B8B2987E41000311990 /* CoinModel.swift in Sources */,
				92C763242992565D00F5161C /* RegisterView.swift in Sources */,
				92C8793B298BB860000A4AB8 /* MainView.swift in Sources */,
				921471D1299668EE00072D97 /* Date.swift in Sources */,
				92DE364C29A69BDF00352C9A /* AnimationView.swift in Sources */,
				922180FA2992B7D3006EF9BE /* SearchBarView.swift in Sources */,
				9223C7B029954F16002288F5 /* ChartView.swift in Sources */,
				920C1B992988147900311990 /* CoinService.swift in Sources */,
				92C7632C29929A5B00F5161C /* String.swift in Sources */,
				92C763292992905600F5161C /* AuthView.swift in Sources */,
				92174760298EA60C0066301F /* MarketView.swift in Sources */,
				92C87945298BFFE9000A4AB8 /* PaymentView.swift in Sources */,
				92C763272992648300F5161C /* ViewModifiers.swift in Sources */,
				92C87941298BF5FE000A4AB8 /* PrivacyView.swift in Sources */,
				92C8793D298BD389000A4AB8 /* ProfileView.swift in Sources */,
				920C1B922987EF7000311990 /* CoinCell.swift in Sources */,
				920C1B96298813C400311990 /* CoinsViewModel.swift in Sources */,
				922180FC2992BE83006EF9BE /* UIAplication.swift in Sources */,
				920C1B882987E21D00311990 /* SplashView.swift in Sources */,
				920C1B8F2987EC7000311990 /* HomeView.swift in Sources */,
				920C1B862987DC2900311990 /* Colors.swift in Sources */,
				9217475C298E64B50066301F /* NavigationLazyView.swift in Sources */,
				92CFA075299A5056002D939A /* CoreDataModel.xcdatamodeld in Sources */,
				923D58C629892A88008BFD8C /* MyCoinsCell.swift in Sources */,
				92873D1C2994218300114EBB /* CoinDetailView.swift in Sources */,
				92C87947298C0010000A4AB8 /* TransactionsListView.swift in Sources */,
				92CFA077299A53F7002D939A /* PortfolioViewModel.swift in Sources */,
				92C76322299244DA00F5161C /* LoginView.swift in Sources */,
				920C1B712987D8BE00311990 /* WisecryptoApp.swift in Sources */,
				929A158C299B9C95001FFD23 /* AddCoinsView.swift in Sources */,
				92671FAE299CE43A004ACA87 /* AddBalanceView.swift in Sources */,
			);
			runOnlyForDeploymentPostprocessing = 0;
		};
/* End PBXSourcesBuildPhase section */

/* Begin XCBuildConfiguration section */
		920C1B792987D8BF00311990 /* Debug */ = {
			isa = XCBuildConfiguration;
			buildSettings = {
				ALWAYS_SEARCH_USER_PATHS = NO;
				CLANG_ANALYZER_NONNULL = YES;
				CLANG_ANALYZER_NUMBER_OBJECT_CONVERSION = YES_AGGRESSIVE;
				CLANG_CXX_LANGUAGE_STANDARD = "gnu++17";
				CLANG_CXX_LIBRARY = "libc++";
				CLANG_ENABLE_MODULES = YES;
				CLANG_ENABLE_OBJC_ARC = YES;
				CLANG_ENABLE_OBJC_WEAK = YES;
				CLANG_WARN_BLOCK_CAPTURE_AUTORELEASING = YES;
				CLANG_WARN_BOOL_CONVERSION = YES;
				CLANG_WARN_COMMA = YES;
				CLANG_WARN_CONSTANT_CONVERSION = YES;
				CLANG_WARN_DEPRECATED_OBJC_IMPLEMENTATIONS = YES;
				CLANG_WARN_DIRECT_OBJC_ISA_USAGE = YES_ERROR;
				CLANG_WARN_DOCUMENTATION_COMMENTS = YES;
				CLANG_WARN_EMPTY_BODY = YES;
				CLANG_WARN_ENUM_CONVERSION = YES;
				CLANG_WARN_INFINITE_RECURSION = YES;
				CLANG_WARN_INT_CONVERSION = YES;
				CLANG_WARN_NON_LITERAL_NULL_CONVERSION = YES;
				CLANG_WARN_OBJC_IMPLICIT_RETAIN_SELF = YES;
				CLANG_WARN_OBJC_LITERAL_CONVERSION = YES;
				CLANG_WARN_OBJC_ROOT_CLASS = YES_ERROR;
				CLANG_WARN_QUOTED_INCLUDE_IN_FRAMEWORK_HEADER = YES;
				CLANG_WARN_RANGE_LOOP_ANALYSIS = YES;
				CLANG_WARN_STRICT_PROTOTYPES = YES;
				CLANG_WARN_SUSPICIOUS_MOVE = YES;
				CLANG_WARN_UNGUARDED_AVAILABILITY = YES_AGGRESSIVE;
				CLANG_WARN_UNREACHABLE_CODE = YES;
				CLANG_WARN__DUPLICATE_METHOD_MATCH = YES;
				COPY_PHASE_STRIP = NO;
				DEBUG_INFORMATION_FORMAT = dwarf;
				ENABLE_STRICT_OBJC_MSGSEND = YES;
				ENABLE_TESTABILITY = YES;
				GCC_C_LANGUAGE_STANDARD = gnu11;
				GCC_DYNAMIC_NO_PIC = NO;
				GCC_NO_COMMON_BLOCKS = YES;
				GCC_OPTIMIZATION_LEVEL = 0;
				GCC_PREPROCESSOR_DEFINITIONS = (
					"DEBUG=1",
					"$(inherited)",
				);
				GCC_WARN_64_TO_32_BIT_CONVERSION = YES;
				GCC_WARN_ABOUT_RETURN_TYPE = YES_ERROR;
				GCC_WARN_UNDECLARED_SELECTOR = YES;
				GCC_WARN_UNINITIALIZED_AUTOS = YES_AGGRESSIVE;
				GCC_WARN_UNUSED_FUNCTION = YES;
				GCC_WARN_UNUSED_VARIABLE = YES;
				IPHONEOS_DEPLOYMENT_TARGET = 15.2;
				MTL_ENABLE_DEBUG_INFO = INCLUDE_SOURCE;
				MTL_FAST_MATH = YES;
				ONLY_ACTIVE_ARCH = YES;
				SDKROOT = iphoneos;
				SWIFT_ACTIVE_COMPILATION_CONDITIONS = DEBUG;
				SWIFT_OPTIMIZATION_LEVEL = "-Onone";
			};
			name = Debug;
		};
		920C1B7A2987D8BF00311990 /* Release */ = {
			isa = XCBuildConfiguration;
			buildSettings = {
				ALWAYS_SEARCH_USER_PATHS = NO;
				CLANG_ANALYZER_NONNULL = YES;
				CLANG_ANALYZER_NUMBER_OBJECT_CONVERSION = YES_AGGRESSIVE;
				CLANG_CXX_LANGUAGE_STANDARD = "gnu++17";
				CLANG_CXX_LIBRARY = "libc++";
				CLANG_ENABLE_MODULES = YES;
				CLANG_ENABLE_OBJC_ARC = YES;
				CLANG_ENABLE_OBJC_WEAK = YES;
				CLANG_WARN_BLOCK_CAPTURE_AUTORELEASING = YES;
				CLANG_WARN_BOOL_CONVERSION = YES;
				CLANG_WARN_COMMA = YES;
				CLANG_WARN_CONSTANT_CONVERSION = YES;
				CLANG_WARN_DEPRECATED_OBJC_IMPLEMENTATIONS = YES;
				CLANG_WARN_DIRECT_OBJC_ISA_USAGE = YES_ERROR;
				CLANG_WARN_DOCUMENTATION_COMMENTS = YES;
				CLANG_WARN_EMPTY_BODY = YES;
				CLANG_WARN_ENUM_CONVERSION = YES;
				CLANG_WARN_INFINITE_RECURSION = YES;
				CLANG_WARN_INT_CONVERSION = YES;
				CLANG_WARN_NON_LITERAL_NULL_CONVERSION = YES;
				CLANG_WARN_OBJC_IMPLICIT_RETAIN_SELF = YES;
				CLANG_WARN_OBJC_LITERAL_CONVERSION = YES;
				CLANG_WARN_OBJC_ROOT_CLASS = YES_ERROR;
				CLANG_WARN_QUOTED_INCLUDE_IN_FRAMEWORK_HEADER = YES;
				CLANG_WARN_RANGE_LOOP_ANALYSIS = YES;
				CLANG_WARN_STRICT_PROTOTYPES = YES;
				CLANG_WARN_SUSPICIOUS_MOVE = YES;
				CLANG_WARN_UNGUARDED_AVAILABILITY = YES_AGGRESSIVE;
				CLANG_WARN_UNREACHABLE_CODE = YES;
				CLANG_WARN__DUPLICATE_METHOD_MATCH = YES;
				COPY_PHASE_STRIP = NO;
				DEBUG_INFORMATION_FORMAT = "dwarf-with-dsym";
				ENABLE_NS_ASSERTIONS = NO;
				ENABLE_STRICT_OBJC_MSGSEND = YES;
				GCC_C_LANGUAGE_STANDARD = gnu11;
				GCC_NO_COMMON_BLOCKS = YES;
				GCC_WARN_64_TO_32_BIT_CONVERSION = YES;
				GCC_WARN_ABOUT_RETURN_TYPE = YES_ERROR;
				GCC_WARN_UNDECLARED_SELECTOR = YES;
				GCC_WARN_UNINITIALIZED_AUTOS = YES_AGGRESSIVE;
				GCC_WARN_UNUSED_FUNCTION = YES;
				GCC_WARN_UNUSED_VARIABLE = YES;
				IPHONEOS_DEPLOYMENT_TARGET = 15.2;
				MTL_ENABLE_DEBUG_INFO = NO;
				MTL_FAST_MATH = YES;
				SDKROOT = iphoneos;
				SWIFT_COMPILATION_MODE = wholemodule;
				SWIFT_OPTIMIZATION_LEVEL = "-O";
				VALIDATE_PRODUCT = YES;
			};
			name = Release;
		};
		920C1B7C2987D8BF00311990 /* Debug */ = {
			isa = XCBuildConfiguration;
			buildSettings = {
				ASSETCATALOG_COMPILER_APPICON_NAME = AppIcon;
				ASSETCATALOG_COMPILER_GLOBAL_ACCENT_COLOR_NAME = AccentColor;
				CODE_SIGN_STYLE = Automatic;
				CURRENT_PROJECT_VERSION = 1;
				DEVELOPMENT_ASSET_PATHS = "\"Wisecrypto/Preview Content\"";
				DEVELOPMENT_TEAM = 72NQPP668A;
				ENABLE_PREVIEWS = YES;
				GENERATE_INFOPLIST_FILE = YES;
				INFOPLIST_KEY_UIApplicationSceneManifest_Generation = YES;
				INFOPLIST_KEY_UIApplicationSupportsIndirectInputEvents = YES;
				INFOPLIST_KEY_UILaunchScreen_Generation = YES;
				INFOPLIST_KEY_UISupportedInterfaceOrientations_iPad = "UIInterfaceOrientationPortrait UIInterfaceOrientationPortraitUpsideDown UIInterfaceOrientationLandscapeLeft UIInterfaceOrientationLandscapeRight";
				INFOPLIST_KEY_UISupportedInterfaceOrientations_iPhone = "UIInterfaceOrientationPortrait UIInterfaceOrientationLandscapeLeft UIInterfaceOrientationLandscapeRight";
				LD_RUNPATH_SEARCH_PATHS = (
					"$(inherited)",
					"@executable_path/Frameworks",
				);
				MARKETING_VERSION = 1.0;
				PRODUCT_BUNDLE_IDENTIFIER = com.Wisecrypto;
				PRODUCT_NAME = "$(TARGET_NAME)";
				SWIFT_EMIT_LOC_STRINGS = YES;
				SWIFT_VERSION = 5.0;
				TARGETED_DEVICE_FAMILY = "1,2";
			};
			name = Debug;
		};
		920C1B7D2987D8BF00311990 /* Release */ = {
			isa = XCBuildConfiguration;
			buildSettings = {
				ASSETCATALOG_COMPILER_APPICON_NAME = AppIcon;
				ASSETCATALOG_COMPILER_GLOBAL_ACCENT_COLOR_NAME = AccentColor;
				CODE_SIGN_STYLE = Automatic;
				CURRENT_PROJECT_VERSION = 1;
				DEVELOPMENT_ASSET_PATHS = "\"Wisecrypto/Preview Content\"";
				DEVELOPMENT_TEAM = 72NQPP668A;
				ENABLE_PREVIEWS = YES;
				GENERATE_INFOPLIST_FILE = YES;
				INFOPLIST_KEY_UIApplicationSceneManifest_Generation = YES;
				INFOPLIST_KEY_UIApplicationSupportsIndirectInputEvents = YES;
				INFOPLIST_KEY_UILaunchScreen_Generation = YES;
				INFOPLIST_KEY_UISupportedInterfaceOrientations_iPad = "UIInterfaceOrientationPortrait UIInterfaceOrientationPortraitUpsideDown UIInterfaceOrientationLandscapeLeft UIInterfaceOrientationLandscapeRight";
				INFOPLIST_KEY_UISupportedInterfaceOrientations_iPhone = "UIInterfaceOrientationPortrait UIInterfaceOrientationLandscapeLeft UIInterfaceOrientationLandscapeRight";
				LD_RUNPATH_SEARCH_PATHS = (
					"$(inherited)",
					"@executable_path/Frameworks",
				);
				MARKETING_VERSION = 1.0;
				PRODUCT_BUNDLE_IDENTIFIER = com.Wisecrypto;
				PRODUCT_NAME = "$(TARGET_NAME)";
				SWIFT_EMIT_LOC_STRINGS = YES;
				SWIFT_VERSION = 5.0;
				TARGETED_DEVICE_FAMILY = "1,2";
			};
			name = Release;
		};
/* End XCBuildConfiguration section */

/* Begin XCConfigurationList section */
		920C1B682987D8BE00311990 /* Build configuration list for PBXProject "Wisecrypto" */ = {
			isa = XCConfigurationList;
			buildConfigurations = (
				920C1B792987D8BF00311990 /* Debug */,
				920C1B7A2987D8BF00311990 /* Release */,
			);
			defaultConfigurationIsVisible = 0;
			defaultConfigurationName = Release;
		};
		920C1B7B2987D8BF00311990 /* Build configuration list for PBXNativeTarget "Wisecrypto" */ = {
			isa = XCConfigurationList;
			buildConfigurations = (
				920C1B7C2987D8BF00311990 /* Debug */,
				920C1B7D2987D8BF00311990 /* Release */,
			);
			defaultConfigurationIsVisible = 0;
			defaultConfigurationName = Release;
		};
/* End XCConfigurationList section */

/* Begin XCVersionGroup section */
		92CFA073299A5056002D939A /* CoreDataModel.xcdatamodeld */ = {
			isa = XCVersionGroup;
			children = (
				92CFA074299A5056002D939A /* CoreDataModel.xcdatamodel */,
			);
			currentVersion = 92CFA074299A5056002D939A /* CoreDataModel.xcdatamodel */;
			path = CoreDataModel.xcdatamodeld;
			sourceTree = "<group>";
			versionGroupType = wrapper.xcdatamodel;
		};
/* End XCVersionGroup section */
	};
	rootObject = 920C1B652987D8BE00311990 /* Project object */;
}
